// !$*UTF8*$!
{
	archiveVersion = 1;
	classes = {
	};
	objectVersion = 50;
	objects = {

/* Begin PBXBuildFile section */
		8703324826EF6CF200498F6C /* Messenger.storyboard in Resources */ = {isa = PBXBuildFile; fileRef = 8703324726EF6CF200498F6C /* Messenger.storyboard */; };
		8703324A26EF6D0C00498F6C /* MessengerViewController.swift in Sources */ = {isa = PBXBuildFile; fileRef = 8703324926EF6D0C00498F6C /* MessengerViewController.swift */; };
		8703325026EF7E7F00498F6C /* Settings.storyboard in Resources */ = {isa = PBXBuildFile; fileRef = 8703324F26EF7E7F00498F6C /* Settings.storyboard */; };
		870CD0F626ED0BA90007443A /* MainSettings.storyboard in Resources */ = {isa = PBXBuildFile; fileRef = 870CD0F526ED0BA90007443A /* MainSettings.storyboard */; };
		870CD0F826ED109E0007443A /* notifications.storyboard in Resources */ = {isa = PBXBuildFile; fileRef = 870CD0F726ED109E0007443A /* notifications.storyboard */; };
		870CD0FA26ED10AF0007443A /* blackList.storyboard in Resources */ = {isa = PBXBuildFile; fileRef = 870CD0F926ED10AF0007443A /* blackList.storyboard */; };
		8728CCF226EBA6260031DC15 /* DebugMenu.storyboard in Resources */ = {isa = PBXBuildFile; fileRef = 8728CCF126EBA6260031DC15 /* DebugMenu.storyboard */; };
		8728CCF426EBA69C0031DC15 /* DebugViewController.swift in Sources */ = {isa = PBXBuildFile; fileRef = 8728CCF326EBA69C0031DC15 /* DebugViewController.swift */; };
		873E54DD26EE34E300A79A92 /* R.swift in Sources */ = {isa = PBXBuildFile; fileRef = 873E54DC26EE34E300A79A92 /* R.swift */; };
		8760E72F26EEA9A800E2A6F6 /* friendsViewController.swift in Sources */ = {isa = PBXBuildFile; fileRef = 8760E72E26EEA9A800E2A6F6 /* friendsViewController.swift */; };
		8760E73126EEA9EF00E2A6F6 /* friendsMenu.storyboard in Resources */ = {isa = PBXBuildFile; fileRef = 8760E73026EEA9EF00E2A6F6 /* friendsMenu.storyboard */; };
		8760E73426EEAC7600E2A6F6 /* BasicTableViewCell.swift in Sources */ = {isa = PBXBuildFile; fileRef = 8760E73226EEAC7600E2A6F6 /* BasicTableViewCell.swift */; };
		8760E73526EEAC7600E2A6F6 /* BasicTableViewCell.xib in Resources */ = {isa = PBXBuildFile; fileRef = 8760E73326EEAC7600E2A6F6 /* BasicTableViewCell.xib */; };
		87D6EB3B26E64DDA00CE8596 /* AppDelegate.swift in Sources */ = {isa = PBXBuildFile; fileRef = 87D6EB3A26E64DDA00CE8596 /* AppDelegate.swift */; };
		87D6EB3D26E64DDA00CE8596 /* SceneDelegate.swift in Sources */ = {isa = PBXBuildFile; fileRef = 87D6EB3C26E64DDA00CE8596 /* SceneDelegate.swift */; };
		87D6EB3F26E64DDA00CE8596 /* ViewController.swift in Sources */ = {isa = PBXBuildFile; fileRef = 87D6EB3E26E64DDA00CE8596 /* ViewController.swift */; };
		87D6EB4226E64DDA00CE8596 /* Main.storyboard in Resources */ = {isa = PBXBuildFile; fileRef = 87D6EB4026E64DDA00CE8596 /* Main.storyboard */; };
		87D6EB4426E64DDC00CE8596 /* Assets.xcassets in Resources */ = {isa = PBXBuildFile; fileRef = 87D6EB4326E64DDC00CE8596 /* Assets.xcassets */; };
		87D6EB4726E64DDC00CE8596 /* LaunchScreen.storyboard in Resources */ = {isa = PBXBuildFile; fileRef = 87D6EB4526E64DDC00CE8596 /* LaunchScreen.storyboard */; };
/* End PBXBuildFile section */

/* Begin PBXFileReference section */
		8703324726EF6CF200498F6C /* Messenger.storyboard */ = {isa = PBXFileReference; lastKnownFileType = file.storyboard; path = Messenger.storyboard; sourceTree = "<group>"; };
		8703324926EF6D0C00498F6C /* MessengerViewController.swift */ = {isa = PBXFileReference; lastKnownFileType = sourcecode.swift; path = MessengerViewController.swift; sourceTree = "<group>"; };
		8703324F26EF7E7F00498F6C /* Settings.storyboard */ = {isa = PBXFileReference; lastKnownFileType = file.storyboard; path = Settings.storyboard; sourceTree = "<group>"; };
		870CD0F526ED0BA90007443A /* MainSettings.storyboard */ = {isa = PBXFileReference; lastKnownFileType = file.storyboard; path = MainSettings.storyboard; sourceTree = "<group>"; };
		870CD0F726ED109E0007443A /* notifications.storyboard */ = {isa = PBXFileReference; lastKnownFileType = file.storyboard; path = notifications.storyboard; sourceTree = "<group>"; };
		870CD0F926ED10AF0007443A /* blackList.storyboard */ = {isa = PBXFileReference; lastKnownFileType = file.storyboard; path = blackList.storyboard; sourceTree = "<group>"; };
		8728CCF126EBA6260031DC15 /* DebugMenu.storyboard */ = {isa = PBXFileReference; lastKnownFileType = file.storyboard; path = DebugMenu.storyboard; sourceTree = "<group>"; };
		8728CCF326EBA69C0031DC15 /* DebugViewController.swift */ = {isa = PBXFileReference; lastKnownFileType = sourcecode.swift; path = DebugViewController.swift; sourceTree = "<group>"; };
		873E54DC26EE34E300A79A92 /* R.swift */ = {isa = PBXFileReference; lastKnownFileType = sourcecode.swift; path = R.swift; sourceTree = "<group>"; };
		8760E72E26EEA9A800E2A6F6 /* friendsViewController.swift */ = {isa = PBXFileReference; lastKnownFileType = sourcecode.swift; path = friendsViewController.swift; sourceTree = "<group>"; };
		8760E73026EEA9EF00E2A6F6 /* friendsMenu.storyboard */ = {isa = PBXFileReference; lastKnownFileType = file.storyboard; path = friendsMenu.storyboard; sourceTree = "<group>"; };
		8760E73226EEAC7600E2A6F6 /* BasicTableViewCell.swift */ = {isa = PBXFileReference; lastKnownFileType = sourcecode.swift; path = BasicTableViewCell.swift; sourceTree = "<group>"; };
		8760E73326EEAC7600E2A6F6 /* BasicTableViewCell.xib */ = {isa = PBXFileReference; lastKnownFileType = file.xib; path = BasicTableViewCell.xib; sourceTree = "<group>"; };
		87D6EB3726E64DDA00CE8596 /* lesson-3.app */ = {isa = PBXFileReference; explicitFileType = wrapper.application; includeInIndex = 0; path = "lesson-3.app"; sourceTree = BUILT_PRODUCTS_DIR; };
		87D6EB3A26E64DDA00CE8596 /* AppDelegate.swift */ = {isa = PBXFileReference; lastKnownFileType = sourcecode.swift; path = AppDelegate.swift; sourceTree = "<group>"; };
		87D6EB3C26E64DDA00CE8596 /* SceneDelegate.swift */ = {isa = PBXFileReference; lastKnownFileType = sourcecode.swift; path = SceneDelegate.swift; sourceTree = "<group>"; };
		87D6EB3E26E64DDA00CE8596 /* ViewController.swift */ = {isa = PBXFileReference; lastKnownFileType = sourcecode.swift; path = ViewController.swift; sourceTree = "<group>"; };
		87D6EB4126E64DDA00CE8596 /* Base */ = {isa = PBXFileReference; lastKnownFileType = file.storyboard; name = Base; path = Base.lproj/Main.storyboard; sourceTree = "<group>"; };
		87D6EB4326E64DDC00CE8596 /* Assets.xcassets */ = {isa = PBXFileReference; lastKnownFileType = folder.assetcatalog; path = Assets.xcassets; sourceTree = "<group>"; };
		87D6EB4626E64DDC00CE8596 /* Base */ = {isa = PBXFileReference; lastKnownFileType = file.storyboard; name = Base; path = Base.lproj/LaunchScreen.storyboard; sourceTree = "<group>"; };
		87D6EB4826E64DDC00CE8596 /* Info.plist */ = {isa = PBXFileReference; lastKnownFileType = text.plist.xml; path = Info.plist; sourceTree = "<group>"; };
/* End PBXFileReference section */

/* Begin PBXFrameworksBuildPhase section */
		87D6EB3426E64DDA00CE8596 /* Frameworks */ = {
			isa = PBXFrameworksBuildPhase;
			buildActionMask = 2147483647;
			files = (
			);
			runOnlyForDeploymentPostprocessing = 0;
		};
/* End PBXFrameworksBuildPhase section */

/* Begin PBXGroup section */
		8703324626EF6C4600498F6C /* Messenger */ = {
			isa = PBXGroup;
			children = (
				8703324926EF6D0C00498F6C /* MessengerViewController.swift */,
				8703324726EF6CF200498F6C /* Messenger.storyboard */,
			);
			path = Messenger;
			sourceTree = "<group>";
		};
		870CD0FB26ED12370007443A /* MainSettings */ = {
			isa = PBXGroup;
			children = (
				870CD0F526ED0BA90007443A /* MainSettings.storyboard */,
			);
			path = MainSettings;
			sourceTree = "<group>";
		};
		870CD0FC26ED12500007443A /* notifications */ = {
			isa = PBXGroup;
			children = (
				870CD0F726ED109E0007443A /* notifications.storyboard */,
			);
			path = notifications;
			sourceTree = "<group>";
		};
		870CD0FD26ED12590007443A /* blackList */ = {
			isa = PBXGroup;
			children = (
				870CD0F926ED10AF0007443A /* blackList.storyboard */,
			);
			path = blackList;
			sourceTree = "<group>";
		};
		870CD10026ED1CFC0007443A /* friends */ = {
			isa = PBXGroup;
			children = (
				8760E72E26EEA9A800E2A6F6 /* friendsViewController.swift */,
				8760E73026EEA9EF00E2A6F6 /* friendsMenu.storyboard */,
				873E54D526EE273600A79A92 /* Basic */,
			);
			path = friends;
			sourceTree = "<group>";
		};
		870CD10B26ED46AD0007443A /* Settings */ = {
			isa = PBXGroup;
			children = (
				8703324F26EF7E7F00498F6C /* Settings.storyboard */,
				870CD0FB26ED12370007443A /* MainSettings */,
				870CD0FC26ED12500007443A /* notifications */,
				870CD0FD26ED12590007443A /* blackList */,
			);
			path = Settings;
			sourceTree = "<group>";
		};
		8728CCF526EBA6B00031DC15 /* Debug */ = {
			isa = PBXGroup;
			children = (
				8728CCF326EBA69C0031DC15 /* DebugViewController.swift */,
				8728CCF126EBA6260031DC15 /* DebugMenu.storyboard */,
				870CD10026ED1CFC0007443A /* friends */,
				8703324626EF6C4600498F6C /* Messenger */,
				870CD10B26ED46AD0007443A /* Settings */,
			);
			path = Debug;
			sourceTree = "<group>";
		};
		8728CCF626EBA6FC0031DC15 /* Main */ = {
			isa = PBXGroup;
			children = (
				87D6EB3E26E64DDA00CE8596 /* ViewController.swift */,
				87D6EB4026E64DDA00CE8596 /* Main.storyboard */,
			);
			path = Main;
			sourceTree = "<group>";
		};
		873E54D526EE273600A79A92 /* Basic */ = {
			isa = PBXGroup;
			children = (
				8760E73226EEAC7600E2A6F6 /* BasicTableViewCell.swift */,
				8760E73326EEAC7600E2A6F6 /* BasicTableViewCell.xib */,
			);
			path = Basic;
			sourceTree = "<group>";
		};
		87D6EB2E26E64DDA00CE8596 = {
			isa = PBXGroup;
			children = (
				87D6EB3926E64DDA00CE8596 /* lesson-3 */,
				87D6EB3826E64DDA00CE8596 /* Products */,
			);
			sourceTree = "<group>";
		};
		87D6EB3826E64DDA00CE8596 /* Products */ = {
			isa = PBXGroup;
			children = (
				87D6EB3726E64DDA00CE8596 /* lesson-3.app */,
			);
			name = Products;
			sourceTree = "<group>";
		};
		87D6EB3926E64DDA00CE8596 /* lesson-3 */ = {
			isa = PBXGroup;
			children = (
				873E54DC26EE34E300A79A92 /* R.swift */,
				87D6EB3A26E64DDA00CE8596 /* AppDelegate.swift */,
				87D6EB3C26E64DDA00CE8596 /* SceneDelegate.swift */,
				8728CCF626EBA6FC0031DC15 /* Main */,
				8728CCF526EBA6B00031DC15 /* Debug */,
				87D6EB4326E64DDC00CE8596 /* Assets.xcassets */,
				87D6EB4526E64DDC00CE8596 /* LaunchScreen.storyboard */,
				87D6EB4826E64DDC00CE8596 /* Info.plist */,
			);
			path = "lesson-3";
			sourceTree = "<group>";
		};
/* End PBXGroup section */

/* Begin PBXNativeTarget section */
		87D6EB3626E64DDA00CE8596 /* lesson-3 */ = {
			isa = PBXNativeTarget;
			buildConfigurationList = 87D6EB4B26E64DDC00CE8596 /* Build configuration list for PBXNativeTarget "lesson-3" */;
			buildPhases = (
				87D6EB3326E64DDA00CE8596 /* Sources */,
				87D6EB3426E64DDA00CE8596 /* Frameworks */,
				87D6EB3526E64DDA00CE8596 /* Resources */,
			);
			buildRules = (
			);
			dependencies = (
			);
			name = "lesson-3";
			productName = "lesson-3";
			productReference = 87D6EB3726E64DDA00CE8596 /* lesson-3.app */;
			productType = "com.apple.product-type.application";
		};
/* End PBXNativeTarget section */

/* Begin PBXProject section */
		87D6EB2F26E64DDA00CE8596 /* Project object */ = {
			isa = PBXProject;
			attributes = {
				LastSwiftUpdateCheck = 1250;
				LastUpgradeCheck = 1250;
				TargetAttributes = {
					87D6EB3626E64DDA00CE8596 = {
						CreatedOnToolsVersion = 12.5.1;
					};
				};
			};
			buildConfigurationList = 87D6EB3226E64DDA00CE8596 /* Build configuration list for PBXProject "lesson-3" */;
			compatibilityVersion = "Xcode 9.3";
			developmentRegion = en;
			hasScannedForEncodings = 0;
			knownRegions = (
				en,
				Base,
			);
			mainGroup = 87D6EB2E26E64DDA00CE8596;
			productRefGroup = 87D6EB3826E64DDA00CE8596 /* Products */;
			projectDirPath = "";
			projectRoot = "";
			targets = (
				87D6EB3626E64DDA00CE8596 /* lesson-3 */,
			);
		};
/* End PBXProject section */

/* Begin PBXResourcesBuildPhase section */
		87D6EB3526E64DDA00CE8596 /* Resources */ = {
			isa = PBXResourcesBuildPhase;
			buildActionMask = 2147483647;
			files = (
				8760E73526EEAC7600E2A6F6 /* BasicTableViewCell.xib in Resources */,
				87D6EB4726E64DDC00CE8596 /* LaunchScreen.storyboard in Resources */,
				87D6EB4426E64DDC00CE8596 /* Assets.xcassets in Resources */,
				870CD0FA26ED10AF0007443A /* blackList.storyboard in Resources */,
				8703325026EF7E7F00498F6C /* Settings.storyboard in Resources */,
				87D6EB4226E64DDA00CE8596 /* Main.storyboard in Resources */,
				8728CCF226EBA6260031DC15 /* DebugMenu.storyboard in Resources */,
				8760E73126EEA9EF00E2A6F6 /* friendsMenu.storyboard in Resources */,
				8703324826EF6CF200498F6C /* Messenger.storyboard in Resources */,
				870CD0F626ED0BA90007443A /* MainSettings.storyboard in Resources */,
				870CD0F826ED109E0007443A /* notifications.storyboard in Resources */,
			);
			runOnlyForDeploymentPostprocessing = 0;
		};
/* End PBXResourcesBuildPhase section */

/* Begin PBXSourcesBuildPhase section */
		87D6EB3326E64DDA00CE8596 /* Sources */ = {
			isa = PBXSourcesBuildPhase;
			buildActionMask = 2147483647;
			files = (
				8703324A26EF6D0C00498F6C /* MessengerViewController.swift in Sources */,
				87D6EB3F26E64DDA00CE8596 /* ViewController.swift in Sources */,
				873E54DD26EE34E300A79A92 /* R.swift in Sources */,
				8760E72F26EEA9A800E2A6F6 /* friendsViewController.swift in Sources */,
				87D6EB3B26E64DDA00CE8596 /* AppDelegate.swift in Sources */,
				8728CCF426EBA69C0031DC15 /* DebugViewController.swift in Sources */,
				87D6EB3D26E64DDA00CE8596 /* SceneDelegate.swift in Sources */,
				8760E73426EEAC7600E2A6F6 /* BasicTableViewCell.swift in Sources */,
			);
			runOnlyForDeploymentPostprocessing = 0;
		};
/* End PBXSourcesBuildPhase section */

/* Begin PBXVariantGroup section */
		87D6EB4026E64DDA00CE8596 /* Main.storyboard */ = {
			isa = PBXVariantGroup;
			children = (
				87D6EB4126E64DDA00CE8596 /* Base */,
			);
			name = Main.storyboard;
			sourceTree = "<group>";
		};
		87D6EB4526E64DDC00CE8596 /* LaunchScreen.storyboard */ = {
			isa = PBXVariantGroup;
			children = (
				87D6EB4626E64DDC00CE8596 /* Base */,
			);
			name = LaunchScreen.storyboard;
			sourceTree = "<group>";
		};
/* End PBXVariantGroup section */

/* Begin XCBuildConfiguration section */
		87D6EB4926E64DDC00CE8596 /* Debug */ = {
			isa = XCBuildConfiguration;
			buildSettings = {
				ALWAYS_SEARCH_USER_PATHS = NO;
				CLANG_ANALYZER_NONNULL = YES;
				CLANG_ANALYZER_NUMBER_OBJECT_CONVERSION = YES_AGGRESSIVE;
				CLANG_CXX_LANGUAGE_STANDARD = "gnu++14";
				CLANG_CXX_LIBRARY = "libc++";
				CLANG_ENABLE_MODULES = YES;
				CLANG_ENABLE_OBJC_ARC = YES;
				CLANG_ENABLE_OBJC_WEAK = YES;
				CLANG_WARN_BLOCK_CAPTURE_AUTORELEASING = YES;
				CLANG_WARN_BOOL_CONVERSION = YES;
				CLANG_WARN_COMMA = YES;
				CLANG_WARN_CONSTANT_CONVERSION = YES;
				CLANG_WARN_DEPRECATED_OBJC_IMPLEMENTATIONS = YES;
				CLANG_WARN_DIRECT_OBJC_ISA_USAGE = YES_ERROR;
				CLANG_WARN_DOCUMENTATION_COMMENTS = YES;
				CLANG_WARN_EMPTY_BODY = YES;
				CLANG_WARN_ENUM_CONVERSION = YES;
				CLANG_WARN_INFINITE_RECURSION = YES;
				CLANG_WARN_INT_CONVERSION = YES;
				CLANG_WARN_NON_LITERAL_NULL_CONVERSION = YES;
				CLANG_WARN_OBJC_IMPLICIT_RETAIN_SELF = YES;
				CLANG_WARN_OBJC_LITERAL_CONVERSION = YES;
				CLANG_WARN_OBJC_ROOT_CLASS = YES_ERROR;
				CLANG_WARN_QUOTED_INCLUDE_IN_FRAMEWORK_HEADER = YES;
				CLANG_WARN_RANGE_LOOP_ANALYSIS = YES;
				CLANG_WARN_STRICT_PROTOTYPES = YES;
				CLANG_WARN_SUSPICIOUS_MOVE = YES;
				CLANG_WARN_UNGUARDED_AVAILABILITY = YES_AGGRESSIVE;
				CLANG_WARN_UNREACHABLE_CODE = YES;
				CLANG_WARN__DUPLICATE_METHOD_MATCH = YES;
				COPY_PHASE_STRIP = NO;
				DEBUG_INFORMATION_FORMAT = dwarf;
				ENABLE_STRICT_OBJC_MSGSEND = YES;
				ENABLE_TESTABILITY = YES;
				GCC_C_LANGUAGE_STANDARD = gnu11;
				GCC_DYNAMIC_NO_PIC = NO;
				GCC_NO_COMMON_BLOCKS = YES;
				GCC_OPTIMIZATION_LEVEL = 0;
				GCC_PREPROCESSOR_DEFINITIONS = (
					"DEBUG=1",
					"$(inherited)",
				);
				GCC_WARN_64_TO_32_BIT_CONVERSION = YES;
				GCC_WARN_ABOUT_RETURN_TYPE = YES_ERROR;
				GCC_WARN_UNDECLARED_SELECTOR = YES;
				GCC_WARN_UNINITIALIZED_AUTOS = YES_AGGRESSIVE;
				GCC_WARN_UNUSED_FUNCTION = YES;
				GCC_WARN_UNUSED_VARIABLE = YES;
				IPHONEOS_DEPLOYMENT_TARGET = 14.5;
				MTL_ENABLE_DEBUG_INFO = INCLUDE_SOURCE;
				MTL_FAST_MATH = YES;
				ONLY_ACTIVE_ARCH = YES;
				SDKROOT = iphoneos;
				SWIFT_ACTIVE_COMPILATION_CONDITIONS = DEBUG;
				SWIFT_OPTIMIZATION_LEVEL = "-Onone";
			};
			name = Debug;
		};
		87D6EB4A26E64DDC00CE8596 /* Release */ = {
			isa = XCBuildConfiguration;
			buildSettings = {
				ALWAYS_SEARCH_USER_PATHS = NO;
				CLANG_ANALYZER_NONNULL = YES;
				CLANG_ANALYZER_NUMBER_OBJECT_CONVERSION = YES_AGGRESSIVE;
				CLANG_CXX_LANGUAGE_STANDARD = "gnu++14";
				CLANG_CXX_LIBRARY = "libc++";
				CLANG_ENABLE_MODULES = YES;
				CLANG_ENABLE_OBJC_ARC = YES;
				CLANG_ENABLE_OBJC_WEAK = YES;
				CLANG_WARN_BLOCK_CAPTURE_AUTORELEASING = YES;
				CLANG_WARN_BOOL_CONVERSION = YES;
				CLANG_WARN_COMMA = YES;
				CLANG_WARN_CONSTANT_CONVERSION = YES;
				CLANG_WARN_DEPRECATED_OBJC_IMPLEMENTATIONS = YES;
				CLANG_WARN_DIRECT_OBJC_ISA_USAGE = YES_ERROR;
				CLANG_WARN_DOCUMENTATION_COMMENTS = YES;
				CLANG_WARN_EMPTY_BODY = YES;
				CLANG_WARN_ENUM_CONVERSION = YES;
				CLANG_WARN_INFINITE_RECURSION = YES;
				CLANG_WARN_INT_CONVERSION = YES;
				CLANG_WARN_NON_LITERAL_NULL_CONVERSION = YES;
				CLANG_WARN_OBJC_IMPLICIT_RETAIN_SELF = YES;
				CLANG_WARN_OBJC_LITERAL_CONVERSION = YES;
				CLANG_WARN_OBJC_ROOT_CLASS = YES_ERROR;
				CLANG_WARN_QUOTED_INCLUDE_IN_FRAMEWORK_HEADER = YES;
				CLANG_WARN_RANGE_LOOP_ANALYSIS = YES;
				CLANG_WARN_STRICT_PROTOTYPES = YES;
				CLANG_WARN_SUSPICIOUS_MOVE = YES;
				CLANG_WARN_UNGUARDED_AVAILABILITY = YES_AGGRESSIVE;
				CLANG_WARN_UNREACHABLE_CODE = YES;
				CLANG_WARN__DUPLICATE_METHOD_MATCH = YES;
				COPY_PHASE_STRIP = NO;
				DEBUG_INFORMATION_FORMAT = "dwarf-with-dsym";
				ENABLE_NS_ASSERTIONS = NO;
				ENABLE_STRICT_OBJC_MSGSEND = YES;
				GCC_C_LANGUAGE_STANDARD = gnu11;
				GCC_NO_COMMON_BLOCKS = YES;
				GCC_WARN_64_TO_32_BIT_CONVERSION = YES;
				GCC_WARN_ABOUT_RETURN_TYPE = YES_ERROR;
				GCC_WARN_UNDECLARED_SELECTOR = YES;
				GCC_WARN_UNINITIALIZED_AUTOS = YES_AGGRESSIVE;
				GCC_WARN_UNUSED_FUNCTION = YES;
				GCC_WARN_UNUSED_VARIABLE = YES;
				IPHONEOS_DEPLOYMENT_TARGET = 14.5;
				MTL_ENABLE_DEBUG_INFO = NO;
				MTL_FAST_MATH = YES;
				SDKROOT = iphoneos;
				SWIFT_COMPILATION_MODE = wholemodule;
				SWIFT_OPTIMIZATION_LEVEL = "-O";
				VALIDATE_PRODUCT = YES;
			};
			name = Release;
		};
		87D6EB4C26E64DDC00CE8596 /* Debug */ = {
			isa = XCBuildConfiguration;
			buildSettings = {
				ASSETCATALOG_COMPILER_APPICON_NAME = AppIcon;
				ASSETCATALOG_COMPILER_GLOBAL_ACCENT_COLOR_NAME = AccentColor;
				CODE_SIGN_STYLE = Automatic;
				DEVELOPMENT_TEAM = S5TSM2AJ6F;
				INFOPLIST_FILE = "lesson-3/Info.plist";
				LD_RUNPATH_SEARCH_PATHS = (
					"$(inherited)",
					"@executable_path/Frameworks",
				);
				PRODUCT_BUNDLE_IDENTIFIER = "com.lesson-3.lesson-3";
				PRODUCT_NAME = "$(TARGET_NAME)";
				SWIFT_VERSION = 5.0;
				TARGETED_DEVICE_FAMILY = "1,2";
			};
			name = Debug;
		};
		87D6EB4D26E64DDC00CE8596 /* Release */ = {
			isa = XCBuildConfiguration;
			buildSettings = {
				ASSETCATALOG_COMPILER_APPICON_NAME = AppIcon;
				ASSETCATALOG_COMPILER_GLOBAL_ACCENT_COLOR_NAME = AccentColor;
				CODE_SIGN_STYLE = Automatic;
				DEVELOPMENT_TEAM = S5TSM2AJ6F;
				INFOPLIST_FILE = "lesson-3/Info.plist";
				LD_RUNPATH_SEARCH_PATHS = (
					"$(inherited)",
					"@executable_path/Frameworks",
				);
				PRODUCT_BUNDLE_IDENTIFIER = "com.lesson-3.lesson-3";
				PRODUCT_NAME = "$(TARGET_NAME)";
				SWIFT_VERSION = 5.0;
				TARGETED_DEVICE_FAMILY = "1,2";
			};
			name = Release;
		};
/* End XCBuildConfiguration section */

/* Begin XCConfigurationList section */
		87D6EB3226E64DDA00CE8596 /* Build configuration list for PBXProject "lesson-3" */ = {
			isa = XCConfigurationList;
			buildConfigurations = (
				87D6EB4926E64DDC00CE8596 /* Debug */,
				87D6EB4A26E64DDC00CE8596 /* Release */,
			);
			defaultConfigurationIsVisible = 0;
			defaultConfigurationName = Release;
		};
		87D6EB4B26E64DDC00CE8596 /* Build configuration list for PBXNativeTarget "lesson-3" */ = {
			isa = XCConfigurationList;
			buildConfigurations = (
				87D6EB4C26E64DDC00CE8596 /* Debug */,
				87D6EB4D26E64DDC00CE8596 /* Release */,
			);
			defaultConfigurationIsVisible = 0;
			defaultConfigurationName = Release;
		};
/* End XCConfigurationList section */
	};
	rootObject = 87D6EB2F26E64DDA00CE8596 /* Project object */;
}
